
Microsoft Visual Studio Solution File, Format Version 12.00
# Visual Studio Version 17
VisualStudioVersion = 17.5.002.0
MinimumVisualStudioVersion = 10.0.40219.1
Project("{9A19103F-16F7-4668-BE54-9A1E7A4F7556}") = "GetStanza.IntegrationTests", "GetStanza.IntegrationTests.csproj", "{0617AA33-0182-4A36-B782-1C4445C44782}"
EndProject
Global
	GlobalSection(SolutionConfigurationPlatforms) = preSolution
		Debug|Any CPU = Debug|Any CPU
		Release|Any CPU = Release|Any CPU
	EndGlobalSection
	GlobalSection(ProjectConfigurationPlatforms) = postSolution
		{0617AA33-0182-4A36-B782-1C4445C44782}.Debug|Any CPU.ActiveCfg = Debug|Any CPU
		{0617AA33-0182-4A36-B782-1C4445C44782}.Debug|Any CPU.Build.0 = Debug|Any CPU
		{0617AA33-0182-4A36-B782-1C4445C44782}.Release|Any CPU.ActiveCfg = Release|Any CPU
		{0617AA33-0182-4A36-B782-1C4445C44782}.Release|Any CPU.Build.0 = Release|Any CPU
	EndGlobalSection
	GlobalSection(SolutionProperties) = preSolution
		HideSolutionNode = FALSE
	EndGlobalSection
	GlobalSection(ExtensibilityGlobals) = postSolution
		SolutionGuid = {E93ED722-1E0A-49BE-B7E0-4BBA6D568416}
	EndGlobalSection
EndGlobal
